// !$*UTF8*$!
{
	archiveVersion = 1;
	classes = {
	};
	objectVersion = 56;
	objects = {

/* Begin PBXBuildFile section */
		8439EC862BD541A000D75841 /* pew-pew-lei.caf in Resources */ = {isa = PBXBuildFile; fileRef = 8439EC842BD541A000D75841 /* pew-pew-lei.caf */; };
		8439EC872BD541A000D75841 /* background-music-aac.caf in Resources */ = {isa = PBXBuildFile; fileRef = 8439EC852BD541A000D75841 /* background-music-aac.caf */; };
		8439EC8B2BD542AD00D75841 /* GameOverScene.swift in Sources */ = {isa = PBXBuildFile; fileRef = 8439EC8A2BD542AD00D75841 /* GameOverScene.swift */; };
		8439EC8F2BD5571300D75841 /* CGPoint+Extension.swift in Sources */ = {isa = PBXBuildFile; fileRef = 8439EC8E2BD5571300D75841 /* CGPoint+Extension.swift */; };
		8439EC932BD557DD00D75841 /* CGFloat+Extension.swift in Sources */ = {isa = PBXBuildFile; fileRef = 8439EC922BD557DD00D75841 /* CGFloat+Extension.swift */; };
		8439EC952BD5582400D75841 /* PhysicsCategory.swift in Sources */ = {isa = PBXBuildFile; fileRef = 8439EC942BD5582400D75841 /* PhysicsCategory.swift */; };
		84B802142BD3FD120015067F /* AppDelegate.swift in Sources */ = {isa = PBXBuildFile; fileRef = 84B802132BD3FD120015067F /* AppDelegate.swift */; };
		84B802162BD3FD120015067F /* GameScene.sks in Resources */ = {isa = PBXBuildFile; fileRef = 84B802152BD3FD120015067F /* GameScene.sks */; };
		84B802182BD3FD120015067F /* Actions.sks in Resources */ = {isa = PBXBuildFile; fileRef = 84B802172BD3FD120015067F /* Actions.sks */; };
		84B8021A2BD3FD120015067F /* GameScene.swift in Sources */ = {isa = PBXBuildFile; fileRef = 84B802192BD3FD120015067F /* GameScene.swift */; };
		84B8021C2BD3FD120015067F /* GameViewController.swift in Sources */ = {isa = PBXBuildFile; fileRef = 84B8021B2BD3FD120015067F /* GameViewController.swift */; };
		84B8021F2BD3FD120015067F /* Main.storyboard in Resources */ = {isa = PBXBuildFile; fileRef = 84B8021D2BD3FD120015067F /* Main.storyboard */; };
		84B802212BD3FD130015067F /* Assets.xcassets in Resources */ = {isa = PBXBuildFile; fileRef = 84B802202BD3FD130015067F /* Assets.xcassets */; };
		84B802242BD3FD130015067F /* LaunchScreen.storyboard in Resources */ = {isa = PBXBuildFile; fileRef = 84B802222BD3FD130015067F /* LaunchScreen.storyboard */; };
		84B8022E2BD3FD130015067F /* GhostHunterGameTests.swift in Sources */ = {isa = PBXBuildFile; fileRef = 84B8022D2BD3FD130015067F /* GhostHunterGameTests.swift */; };
		84B802382BD3FD130015067F /* GhostHunterGameUITests.swift in Sources */ = {isa = PBXBuildFile; fileRef = 84B802372BD3FD130015067F /* GhostHunterGameUITests.swift */; };
		84B8023A2BD3FD130015067F /* GhostHunterGameUITestsLaunchTests.swift in Sources */ = {isa = PBXBuildFile; fileRef = 84B802392BD3FD130015067F /* GhostHunterGameUITestsLaunchTests.swift */; };
/* End PBXBuildFile section */

/* Begin PBXContainerItemProxy section */
		84B8022A2BD3FD130015067F /* PBXContainerItemProxy */ = {
			isa = PBXContainerItemProxy;
			containerPortal = 84B802082BD3FD120015067F /* Project object */;
			proxyType = 1;
			remoteGlobalIDString = 84B8020F2BD3FD120015067F;
			remoteInfo = GhostHunterGame;
		};
		84B802342BD3FD130015067F /* PBXContainerItemProxy */ = {
			isa = PBXContainerItemProxy;
			containerPortal = 84B802082BD3FD120015067F /* Project object */;
			proxyType = 1;
			remoteGlobalIDString = 84B8020F2BD3FD120015067F;
			remoteInfo = GhostHunterGame;
		};
/* End PBXContainerItemProxy section */

/* Begin PBXFileReference section */
		8439EC842BD541A000D75841 /* pew-pew-lei.caf */ = {isa = PBXFileReference; lastKnownFileType = file; path = "pew-pew-lei.caf"; sourceTree = "<group>"; };
		8439EC852BD541A000D75841 /* background-music-aac.caf */ = {isa = PBXFileReference; lastKnownFileType = file; path = "background-music-aac.caf"; sourceTree = "<group>"; };
		8439EC8A2BD542AD00D75841 /* GameOverScene.swift */ = {isa = PBXFileReference; lastKnownFileType = sourcecode.swift; path = GameOverScene.swift; sourceTree = "<group>"; };
		8439EC8E2BD5571300D75841 /* CGPoint+Extension.swift */ = {isa = PBXFileReference; lastKnownFileType = sourcecode.swift; path = "CGPoint+Extension.swift"; sourceTree = "<group>"; };
		8439EC922BD557DD00D75841 /* CGFloat+Extension.swift */ = {isa = PBXFileReference; lastKnownFileType = sourcecode.swift; path = "CGFloat+Extension.swift"; sourceTree = "<group>"; };
		8439EC942BD5582400D75841 /* PhysicsCategory.swift */ = {isa = PBXFileReference; lastKnownFileType = sourcecode.swift; path = PhysicsCategory.swift; sourceTree = "<group>"; };
		84B802102BD3FD120015067F /* GhostHunterGame.app */ = {isa = PBXFileReference; explicitFileType = wrapper.application; includeInIndex = 0; path = GhostHunterGame.app; sourceTree = BUILT_PRODUCTS_DIR; };
		84B802132BD3FD120015067F /* AppDelegate.swift */ = {isa = PBXFileReference; lastKnownFileType = sourcecode.swift; path = AppDelegate.swift; sourceTree = "<group>"; };
		84B802152BD3FD120015067F /* GameScene.sks */ = {isa = PBXFileReference; lastKnownFileType = file.sks; path = GameScene.sks; sourceTree = "<group>"; };
		84B802172BD3FD120015067F /* Actions.sks */ = {isa = PBXFileReference; lastKnownFileType = file.sks; path = Actions.sks; sourceTree = "<group>"; };
		84B802192BD3FD120015067F /* GameScene.swift */ = {isa = PBXFileReference; lastKnownFileType = sourcecode.swift; path = GameScene.swift; sourceTree = "<group>"; };
		84B8021B2BD3FD120015067F /* GameViewController.swift */ = {isa = PBXFileReference; lastKnownFileType = sourcecode.swift; path = GameViewController.swift; sourceTree = "<group>"; };
		84B8021E2BD3FD120015067F /* Base */ = {isa = PBXFileReference; lastKnownFileType = file.storyboard; name = Base; path = Base.lproj/Main.storyboard; sourceTree = "<group>"; };
		84B802202BD3FD130015067F /* Assets.xcassets */ = {isa = PBXFileReference; lastKnownFileType = folder.assetcatalog; path = Assets.xcassets; sourceTree = "<group>"; };
		84B802232BD3FD130015067F /* Base */ = {isa = PBXFileReference; lastKnownFileType = file.storyboard; name = Base; path = Base.lproj/LaunchScreen.storyboard; sourceTree = "<group>"; };
		84B802292BD3FD130015067F /* GhostHunterGameTests.xctest */ = {isa = PBXFileReference; explicitFileType = wrapper.cfbundle; includeInIndex = 0; path = GhostHunterGameTests.xctest; sourceTree = BUILT_PRODUCTS_DIR; };
		84B8022D2BD3FD130015067F /* GhostHunterGameTests.swift */ = {isa = PBXFileReference; lastKnownFileType = sourcecode.swift; path = GhostHunterGameTests.swift; sourceTree = "<group>"; };
		84B802332BD3FD130015067F /* GhostHunterGameUITests.xctest */ = {isa = PBXFileReference; explicitFileType = wrapper.cfbundle; includeInIndex = 0; path = GhostHunterGameUITests.xctest; sourceTree = BUILT_PRODUCTS_DIR; };
		84B802372BD3FD130015067F /* GhostHunterGameUITests.swift */ = {isa = PBXFileReference; lastKnownFileType = sourcecode.swift; path = GhostHunterGameUITests.swift; sourceTree = "<group>"; };
		84B802392BD3FD130015067F /* GhostHunterGameUITestsLaunchTests.swift */ = {isa = PBXFileReference; lastKnownFileType = sourcecode.swift; path = GhostHunterGameUITestsLaunchTests.swift; sourceTree = "<group>"; };
/* End PBXFileReference section */

/* Begin PBXFrameworksBuildPhase section */
		84B8020D2BD3FD120015067F /* Frameworks */ = {
			isa = PBXFrameworksBuildPhase;
			buildActionMask = 2147483647;
			files = (
			);
			runOnlyForDeploymentPostprocessing = 0;
		};
		84B802262BD3FD130015067F /* Frameworks */ = {
			isa = PBXFrameworksBuildPhase;
			buildActionMask = 2147483647;
			files = (
			);
			runOnlyForDeploymentPostprocessing = 0;
		};
		84B802302BD3FD130015067F /* Frameworks */ = {
			isa = PBXFrameworksBuildPhase;
			buildActionMask = 2147483647;
			files = (
			);
			runOnlyForDeploymentPostprocessing = 0;
		};
/* End PBXFrameworksBuildPhase section */

/* Begin PBXGroup section */
		8439EC832BD5419100D75841 /* Sounds */ = {
			isa = PBXGroup;
			children = (
				8439EC852BD541A000D75841 /* background-music-aac.caf */,
				8439EC842BD541A000D75841 /* pew-pew-lei.caf */,
			);
			path = Sounds;
			sourceTree = "<group>";
		};
		8439EC8C2BD556E400D75841 /* Resources */ = {
			isa = PBXGroup;
			children = (
				8439EC832BD5419100D75841 /* Sounds */,
				84B802202BD3FD130015067F /* Assets.xcassets */,
			);
			path = Resources;
			sourceTree = "<group>";
		};
		8439EC8D2BD556F000D75841 /* Scenes */ = {
			isa = PBXGroup;
			children = (
				84B802192BD3FD120015067F /* GameScene.swift */,
				8439EC8A2BD542AD00D75841 /* GameOverScene.swift */,
			);
			path = Scenes;
			sourceTree = "<group>";
		};
		8439EC902BD5572200D75841 /* Extensions */ = {
			isa = PBXGroup;
			children = (
				8439EC8E2BD5571300D75841 /* CGPoint+Extension.swift */,
				8439EC922BD557DD00D75841 /* CGFloat+Extension.swift */,
			);
			path = Extensions;
			sourceTree = "<group>";
		};
		8439EC912BD5573300D75841 /* ViewControllers */ = {
			isa = PBXGroup;
			children = (
				84B8021B2BD3FD120015067F /* GameViewController.swift */,
			);
			path = ViewControllers;
			sourceTree = "<group>";
		};
		8439EC962BD5583800D75841 /* Models */ = {
			isa = PBXGroup;
			children = (
				8439EC942BD5582400D75841 /* PhysicsCategory.swift */,
			);
			path = Models;
			sourceTree = "<group>";
		};
		84B802072BD3FD120015067F = {
			isa = PBXGroup;
			children = (
				84B802122BD3FD120015067F /* GhostHunterGame */,
				84B8022C2BD3FD130015067F /* GhostHunterGameTests */,
				84B802362BD3FD130015067F /* GhostHunterGameUITests */,
				84B802112BD3FD120015067F /* Products */,
			);
			sourceTree = "<group>";
		};
		84B802112BD3FD120015067F /* Products */ = {
			isa = PBXGroup;
			children = (
				84B802102BD3FD120015067F /* GhostHunterGame.app */,
				84B802292BD3FD130015067F /* GhostHunterGameTests.xctest */,
				84B802332BD3FD130015067F /* GhostHunterGameUITests.xctest */,
			);
			name = Products;
			sourceTree = "<group>";
		};
		84B802122BD3FD120015067F /* GhostHunterGame */ = {
			isa = PBXGroup;
			children = (
				84B802132BD3FD120015067F /* AppDelegate.swift */,
				84B802152BD3FD120015067F /* GameScene.sks */,
				84B802172BD3FD120015067F /* Actions.sks */,
				8439EC962BD5583800D75841 /* Models */,
				8439EC902BD5572200D75841 /* Extensions */,
				8439EC8D2BD556F000D75841 /* Scenes */,
				8439EC912BD5573300D75841 /* ViewControllers */,
				8439EC8C2BD556E400D75841 /* Resources */,
				84B8021D2BD3FD120015067F /* Main.storyboard */,
				84B802222BD3FD130015067F /* LaunchScreen.storyboard */,
			);
			path = GhostHunterGame;
			sourceTree = "<group>";
		};
		84B8022C2BD3FD130015067F /* GhostHunterGameTests */ = {
			isa = PBXGroup;
			children = (
				84B8022D2BD3FD130015067F /* GhostHunterGameTests.swift */,
			);
			path = GhostHunterGameTests;
			sourceTree = "<group>";
		};
		84B802362BD3FD130015067F /* GhostHunterGameUITests */ = {
			isa = PBXGroup;
			children = (
				84B802372BD3FD130015067F /* GhostHunterGameUITests.swift */,
				84B802392BD3FD130015067F /* GhostHunterGameUITestsLaunchTests.swift */,
			);
			path = GhostHunterGameUITests;
			sourceTree = "<group>";
		};
/* End PBXGroup section */

/* Begin PBXNativeTarget section */
		84B8020F2BD3FD120015067F /* GhostHunterGame */ = {
			isa = PBXNativeTarget;
			buildConfigurationList = 84B8023D2BD3FD130015067F /* Build configuration list for PBXNativeTarget "GhostHunterGame" */;
			buildPhases = (
				84B8020C2BD3FD120015067F /* Sources */,
				84B8020D2BD3FD120015067F /* Frameworks */,
				84B8020E2BD3FD120015067F /* Resources */,
			);
			buildRules = (
			);
			dependencies = (
			);
			name = GhostHunterGame;
			productName = GhostHunterGame;
			productReference = 84B802102BD3FD120015067F /* GhostHunterGame.app */;
			productType = "com.apple.product-type.application";
		};
		84B802282BD3FD130015067F /* GhostHunterGameTests */ = {
			isa = PBXNativeTarget;
			buildConfigurationList = 84B802402BD3FD130015067F /* Build configuration list for PBXNativeTarget "GhostHunterGameTests" */;
			buildPhases = (
				84B802252BD3FD130015067F /* Sources */,
				84B802262BD3FD130015067F /* Frameworks */,
				84B802272BD3FD130015067F /* Resources */,
			);
			buildRules = (
			);
			dependencies = (
				84B8022B2BD3FD130015067F /* PBXTargetDependency */,
			);
			name = GhostHunterGameTests;
			productName = GhostHunterGameTests;
			productReference = 84B802292BD3FD130015067F /* GhostHunterGameTests.xctest */;
			productType = "com.apple.product-type.bundle.unit-test";
		};
		84B802322BD3FD130015067F /* GhostHunterGameUITests */ = {
			isa = PBXNativeTarget;
			buildConfigurationList = 84B802432BD3FD130015067F /* Build configuration list for PBXNativeTarget "GhostHunterGameUITests" */;
			buildPhases = (
				84B8022F2BD3FD130015067F /* Sources */,
				84B802302BD3FD130015067F /* Frameworks */,
				84B802312BD3FD130015067F /* Resources */,
			);
			buildRules = (
			);
			dependencies = (
				84B802352BD3FD130015067F /* PBXTargetDependency */,
			);
			name = GhostHunterGameUITests;
			productName = GhostHunterGameUITests;
			productReference = 84B802332BD3FD130015067F /* GhostHunterGameUITests.xctest */;
			productType = "com.apple.product-type.bundle.ui-testing";
		};
/* End PBXNativeTarget section */

/* Begin PBXProject section */
		84B802082BD3FD120015067F /* Project object */ = {
			isa = PBXProject;
			attributes = {
				BuildIndependentTargetsInParallel = 1;
				LastSwiftUpdateCheck = 1510;
				LastUpgradeCheck = 1510;
				TargetAttributes = {
					84B8020F2BD3FD120015067F = {
						CreatedOnToolsVersion = 15.1;
					};
					84B802282BD3FD130015067F = {
						CreatedOnToolsVersion = 15.1;
						TestTargetID = 84B8020F2BD3FD120015067F;
					};
					84B802322BD3FD130015067F = {
						CreatedOnToolsVersion = 15.1;
						TestTargetID = 84B8020F2BD3FD120015067F;
					};
				};
			};
			buildConfigurationList = 84B8020B2BD3FD120015067F /* Build configuration list for PBXProject "GhostHunterGame" */;
			compatibilityVersion = "Xcode 14.0";
			developmentRegion = en;
			hasScannedForEncodings = 0;
			knownRegions = (
				en,
				Base,
			);
			mainGroup = 84B802072BD3FD120015067F;
			productRefGroup = 84B802112BD3FD120015067F /* Products */;
			projectDirPath = "";
			projectRoot = "";
			targets = (
				84B8020F2BD3FD120015067F /* GhostHunterGame */,
				84B802282BD3FD130015067F /* GhostHunterGameTests */,
				84B802322BD3FD130015067F /* GhostHunterGameUITests */,
			);
		};
/* End PBXProject section */

/* Begin PBXResourcesBuildPhase section */
		84B8020E2BD3FD120015067F /* Resources */ = {
			isa = PBXResourcesBuildPhase;
			buildActionMask = 2147483647;
			files = (
				84B8021F2BD3FD120015067F /* Main.storyboard in Resources */,
				8439EC872BD541A000D75841 /* background-music-aac.caf in Resources */,
				84B802162BD3FD120015067F /* GameScene.sks in Resources */,
				84B802212BD3FD130015067F /* Assets.xcassets in Resources */,
				84B802242BD3FD130015067F /* LaunchScreen.storyboard in Resources */,
				84B802182BD3FD120015067F /* Actions.sks in Resources */,
				8439EC862BD541A000D75841 /* pew-pew-lei.caf in Resources */,
			);
			runOnlyForDeploymentPostprocessing = 0;
		};
		84B802272BD3FD130015067F /* Resources */ = {
			isa = PBXResourcesBuildPhase;
			buildActionMask = 2147483647;
			files = (
			);
			runOnlyForDeploymentPostprocessing = 0;
		};
		84B802312BD3FD130015067F /* Resources */ = {
			isa = PBXResourcesBuildPhase;
			buildActionMask = 2147483647;
			files = (
			);
			runOnlyForDeploymentPostprocessing = 0;
		};
/* End PBXResourcesBuildPhase section */

/* Begin PBXSourcesBuildPhase section */
		84B8020C2BD3FD120015067F /* Sources */ = {
			isa = PBXSourcesBuildPhase;
			buildActionMask = 2147483647;
			files = (
				84B8021A2BD3FD120015067F /* GameScene.swift in Sources */,
				84B8021C2BD3FD120015067F /* GameViewController.swift in Sources */,
				8439EC932BD557DD00D75841 /* CGFloat+Extension.swift in Sources */,
				8439EC8B2BD542AD00D75841 /* GameOverScene.swift in Sources */,
				8439EC8F2BD5571300D75841 /* CGPoint+Extension.swift in Sources */,
				84B802142BD3FD120015067F /* AppDelegate.swift in Sources */,
				8439EC952BD5582400D75841 /* PhysicsCategory.swift in Sources */,
			);
			runOnlyForDeploymentPostprocessing = 0;
		};
		84B802252BD3FD130015067F /* Sources */ = {
			isa = PBXSourcesBuildPhase;
			buildActionMask = 2147483647;
			files = (
				84B8022E2BD3FD130015067F /* GhostHunterGameTests.swift in Sources */,
			);
			runOnlyForDeploymentPostprocessing = 0;
		};
		84B8022F2BD3FD130015067F /* Sources */ = {
			isa = PBXSourcesBuildPhase;
			buildActionMask = 2147483647;
			files = (
				84B8023A2BD3FD130015067F /* GhostHunterGameUITestsLaunchTests.swift in Sources */,
				84B802382BD3FD130015067F /* GhostHunterGameUITests.swift in Sources */,
			);
			runOnlyForDeploymentPostprocessing = 0;
		};
/* End PBXSourcesBuildPhase section */

/* Begin PBXTargetDependency section */
		84B8022B2BD3FD130015067F /* PBXTargetDependency */ = {
			isa = PBXTargetDependency;
			target = 84B8020F2BD3FD120015067F /* GhostHunterGame */;
			targetProxy = 84B8022A2BD3FD130015067F /* PBXContainerItemProxy */;
		};
		84B802352BD3FD130015067F /* PBXTargetDependency */ = {
			isa = PBXTargetDependency;
			target = 84B8020F2BD3FD120015067F /* GhostHunterGame */;
			targetProxy = 84B802342BD3FD130015067F /* PBXContainerItemProxy */;
		};
/* End PBXTargetDependency section */

/* Begin PBXVariantGroup section */
		84B8021D2BD3FD120015067F /* Main.storyboard */ = {
			isa = PBXVariantGroup;
			children = (
				84B8021E2BD3FD120015067F /* Base */,
			);
			name = Main.storyboard;
			sourceTree = "<group>";
		};
		84B802222BD3FD130015067F /* LaunchScreen.storyboard */ = {
			isa = PBXVariantGroup;
			children = (
				84B802232BD3FD130015067F /* Base */,
			);
			name = LaunchScreen.storyboard;
			sourceTree = "<group>";
		};
/* End PBXVariantGroup section */

/* Begin XCBuildConfiguration section */
		84B8023B2BD3FD130015067F /* Debug */ = {
			isa = XCBuildConfiguration;
			buildSettings = {
				ALWAYS_SEARCH_USER_PATHS = NO;
				ASSETCATALOG_COMPILER_GENERATE_SWIFT_ASSET_SYMBOL_EXTENSIONS = YES;
				CLANG_ANALYZER_NONNULL = YES;
				CLANG_ANALYZER_NUMBER_OBJECT_CONVERSION = YES_AGGRESSIVE;
				CLANG_CXX_LANGUAGE_STANDARD = "gnu++20";
				CLANG_ENABLE_MODULES = YES;
				CLANG_ENABLE_OBJC_ARC = YES;
				CLANG_ENABLE_OBJC_WEAK = YES;
				CLANG_WARN_BLOCK_CAPTURE_AUTORELEASING = YES;
				CLANG_WARN_BOOL_CONVERSION = YES;
				CLANG_WARN_COMMA = YES;
				CLANG_WARN_CONSTANT_CONVERSION = YES;
				CLANG_WARN_DEPRECATED_OBJC_IMPLEMENTATIONS = YES;
				CLANG_WARN_DIRECT_OBJC_ISA_USAGE = YES_ERROR;
				CLANG_WARN_DOCUMENTATION_COMMENTS = YES;
				CLANG_WARN_EMPTY_BODY = YES;
				CLANG_WARN_ENUM_CONVERSION = YES;
				CLANG_WARN_INFINITE_RECURSION = YES;
				CLANG_WARN_INT_CONVERSION = YES;
				CLANG_WARN_NON_LITERAL_NULL_CONVERSION = YES;
				CLANG_WARN_OBJC_IMPLICIT_RETAIN_SELF = YES;
				CLANG_WARN_OBJC_LITERAL_CONVERSION = YES;
				CLANG_WARN_OBJC_ROOT_CLASS = YES_ERROR;
				CLANG_WARN_QUOTED_INCLUDE_IN_FRAMEWORK_HEADER = YES;
				CLANG_WARN_RANGE_LOOP_ANALYSIS = YES;
				CLANG_WARN_STRICT_PROTOTYPES = YES;
				CLANG_WARN_SUSPICIOUS_MOVE = YES;
				CLANG_WARN_UNGUARDED_AVAILABILITY = YES_AGGRESSIVE;
				CLANG_WARN_UNREACHABLE_CODE = YES;
				CLANG_WARN__DUPLICATE_METHOD_MATCH = YES;
				COPY_PHASE_STRIP = NO;
				DEBUG_INFORMATION_FORMAT = dwarf;
				ENABLE_STRICT_OBJC_MSGSEND = YES;
				ENABLE_TESTABILITY = YES;
				ENABLE_USER_SCRIPT_SANDBOXING = YES;
				GCC_C_LANGUAGE_STANDARD = gnu17;
				GCC_DYNAMIC_NO_PIC = NO;
				GCC_NO_COMMON_BLOCKS = YES;
				GCC_OPTIMIZATION_LEVEL = 0;
				GCC_PREPROCESSOR_DEFINITIONS = (
					"DEBUG=1",
					"$(inherited)",
				);
				GCC_WARN_64_TO_32_BIT_CONVERSION = YES;
				GCC_WARN_ABOUT_RETURN_TYPE = YES_ERROR;
				GCC_WARN_UNDECLARED_SELECTOR = YES;
				GCC_WARN_UNINITIALIZED_AUTOS = YES_AGGRESSIVE;
				GCC_WARN_UNUSED_FUNCTION = YES;
				GCC_WARN_UNUSED_VARIABLE = YES;
				IPHONEOS_DEPLOYMENT_TARGET = 17.2;
				LOCALIZATION_PREFERS_STRING_CATALOGS = YES;
				MTL_ENABLE_DEBUG_INFO = INCLUDE_SOURCE;
				MTL_FAST_MATH = YES;
				ONLY_ACTIVE_ARCH = YES;
				SDKROOT = iphoneos;
				SWIFT_ACTIVE_COMPILATION_CONDITIONS = "DEBUG $(inherited)";
				SWIFT_OPTIMIZATION_LEVEL = "-Onone";
			};
			name = Debug;
		};
		84B8023C2BD3FD130015067F /* Release */ = {
			isa = XCBuildConfiguration;
			buildSettings = {
				ALWAYS_SEARCH_USER_PATHS = NO;
				ASSETCATALOG_COMPILER_GENERATE_SWIFT_ASSET_SYMBOL_EXTENSIONS = YES;
				CLANG_ANALYZER_NONNULL = YES;
				CLANG_ANALYZER_NUMBER_OBJECT_CONVERSION = YES_AGGRESSIVE;
				CLANG_CXX_LANGUAGE_STANDARD = "gnu++20";
				CLANG_ENABLE_MODULES = YES;
				CLANG_ENABLE_OBJC_ARC = YES;
				CLANG_ENABLE_OBJC_WEAK = YES;
				CLANG_WARN_BLOCK_CAPTURE_AUTORELEASING = YES;
				CLANG_WARN_BOOL_CONVERSION = YES;
				CLANG_WARN_COMMA = YES;
				CLANG_WARN_CONSTANT_CONVERSION = YES;
				CLANG_WARN_DEPRECATED_OBJC_IMPLEMENTATIONS = YES;
				CLANG_WARN_DIRECT_OBJC_ISA_USAGE = YES_ERROR;
				CLANG_WARN_DOCUMENTATION_COMMENTS = YES;
				CLANG_WARN_EMPTY_BODY = YES;
				CLANG_WARN_ENUM_CONVERSION = YES;
				CLANG_WARN_INFINITE_RECURSION = YES;
				CLANG_WARN_INT_CONVERSION = YES;
				CLANG_WARN_NON_LITERAL_NULL_CONVERSION = YES;
				CLANG_WARN_OBJC_IMPLICIT_RETAIN_SELF = YES;
				CLANG_WARN_OBJC_LITERAL_CONVERSION = YES;
				CLANG_WARN_OBJC_ROOT_CLASS = YES_ERROR;
				CLANG_WARN_QUOTED_INCLUDE_IN_FRAMEWORK_HEADER = YES;
				CLANG_WARN_RANGE_LOOP_ANALYSIS = YES;
				CLANG_WARN_STRICT_PROTOTYPES = YES;
				CLANG_WARN_SUSPICIOUS_MOVE = YES;
				CLANG_WARN_UNGUARDED_AVAILABILITY = YES_AGGRESSIVE;
				CLANG_WARN_UNREACHABLE_CODE = YES;
				CLANG_WARN__DUPLICATE_METHOD_MATCH = YES;
				COPY_PHASE_STRIP = NO;
				DEBUG_INFORMATION_FORMAT = "dwarf-with-dsym";
				ENABLE_NS_ASSERTIONS = NO;
				ENABLE_STRICT_OBJC_MSGSEND = YES;
				ENABLE_USER_SCRIPT_SANDBOXING = YES;
				GCC_C_LANGUAGE_STANDARD = gnu17;
				GCC_NO_COMMON_BLOCKS = YES;
				GCC_WARN_64_TO_32_BIT_CONVERSION = YES;
				GCC_WARN_ABOUT_RETURN_TYPE = YES_ERROR;
				GCC_WARN_UNDECLARED_SELECTOR = YES;
				GCC_WARN_UNINITIALIZED_AUTOS = YES_AGGRESSIVE;
				GCC_WARN_UNUSED_FUNCTION = YES;
				GCC_WARN_UNUSED_VARIABLE = YES;
				IPHONEOS_DEPLOYMENT_TARGET = 17.2;
				LOCALIZATION_PREFERS_STRING_CATALOGS = YES;
				MTL_ENABLE_DEBUG_INFO = NO;
				MTL_FAST_MATH = YES;
				SDKROOT = iphoneos;
				SWIFT_COMPILATION_MODE = wholemodule;
				VALIDATE_PRODUCT = YES;
			};
			name = Release;
		};
		84B8023E2BD3FD130015067F /* Debug */ = {
			isa = XCBuildConfiguration;
			buildSettings = {
				ASSETCATALOG_COMPILER_APPICON_NAME = AppIcon;
				ASSETCATALOG_COMPILER_GLOBAL_ACCENT_COLOR_NAME = AccentColor;
				CODE_SIGN_STYLE = Automatic;
				CURRENT_PROJECT_VERSION = 1;
				DEVELOPMENT_TEAM = XXH56N6WGN;
				GENERATE_INFOPLIST_FILE = YES;
				INFOPLIST_KEY_UIApplicationSupportsIndirectInputEvents = YES;
				INFOPLIST_KEY_UILaunchStoryboardName = LaunchScreen;
				INFOPLIST_KEY_UIMainStoryboardFile = Main;
				INFOPLIST_KEY_UIStatusBarHidden = YES;
				INFOPLIST_KEY_UISupportedInterfaceOrientations_iPad = "UIInterfaceOrientationPortrait UIInterfaceOrientationPortraitUpsideDown UIInterfaceOrientationLandscapeLeft UIInterfaceOrientationLandscapeRight";
				INFOPLIST_KEY_UISupportedInterfaceOrientations_iPhone = "UIInterfaceOrientationPortrait UIInterfaceOrientationLandscapeLeft UIInterfaceOrientationLandscapeRight";
				LD_RUNPATH_SEARCH_PATHS = (
					"$(inherited)",
					"@executable_path/Frameworks",
				);
				MARKETING_VERSION = 1.0;
				PRODUCT_BUNDLE_IDENTIFIER = mykhailo.tseitlin.GhostHunterGame;
				PRODUCT_NAME = "$(TARGET_NAME)";
				SWIFT_EMIT_LOC_STRINGS = YES;
				SWIFT_VERSION = 5.0;
				TARGETED_DEVICE_FAMILY = "1,2";
			};
			name = Debug;
		};
		84B8023F2BD3FD130015067F /* Release */ = {
			isa = XCBuildConfiguration;
			buildSettings = {
				ASSETCATALOG_COMPILER_APPICON_NAME = AppIcon;
				ASSETCATALOG_COMPILER_GLOBAL_ACCENT_COLOR_NAME = AccentColor;
				CODE_SIGN_STYLE = Automatic;
				CURRENT_PROJECT_VERSION = 1;
				DEVELOPMENT_TEAM = XXH56N6WGN;
				GENERATE_INFOPLIST_FILE = YES;
				INFOPLIST_KEY_UIApplicationSupportsIndirectInputEvents = YES;
				INFOPLIST_KEY_UILaunchStoryboardName = LaunchScreen;
				INFOPLIST_KEY_UIMainStoryboardFile = Main;
				INFOPLIST_KEY_UIStatusBarHidden = YES;
				INFOPLIST_KEY_UISupportedInterfaceOrientations_iPad = "UIInterfaceOrientationPortrait UIInterfaceOrientationPortraitUpsideDown UIInterfaceOrientationLandscapeLeft UIInterfaceOrientationLandscapeRight";
				INFOPLIST_KEY_UISupportedInterfaceOrientations_iPhone = "UIInterfaceOrientationPortrait UIInterfaceOrientationLandscapeLeft UIInterfaceOrientationLandscapeRight";
				LD_RUNPATH_SEARCH_PATHS = (
					"$(inherited)",
					"@executable_path/Frameworks",
				);
				MARKETING_VERSION = 1.0;
				PRODUCT_BUNDLE_IDENTIFIER = mykhailo.tseitlin.GhostHunterGame;
				PRODUCT_NAME = "$(TARGET_NAME)";
				SWIFT_EMIT_LOC_STRINGS = YES;
				SWIFT_VERSION = 5.0;
				TARGETED_DEVICE_FAMILY = "1,2";
			};
			name = Release;
		};
		84B802412BD3FD130015067F /* Debug */ = {
			isa = XCBuildConfiguration;
			buildSettings = {
				ALWAYS_EMBED_SWIFT_STANDARD_LIBRARIES = YES;
				BUNDLE_LOADER = "$(TEST_HOST)";
				CODE_SIGN_STYLE = Automatic;
				CURRENT_PROJECT_VERSION = 1;
				DEVELOPMENT_TEAM = XXH56N6WGN;
				GENERATE_INFOPLIST_FILE = YES;
				IPHONEOS_DEPLOYMENT_TARGET = 17.2;
				MARKETING_VERSION = 1.0;
				PRODUCT_BUNDLE_IDENTIFIER = mykhailo.tseitlin.GhostHunterGameTests;
				PRODUCT_NAME = "$(TARGET_NAME)";
				SWIFT_EMIT_LOC_STRINGS = NO;
				SWIFT_VERSION = 5.0;
				TARGETED_DEVICE_FAMILY = "1,2";
				TEST_HOST = "$(BUILT_PRODUCTS_DIR)/GhostHunterGame.app/$(BUNDLE_EXECUTABLE_FOLDER_PATH)/GhostHunterGame";
			};
			name = Debug;
		};
		84B802422BD3FD130015067F /* Release */ = {
			isa = XCBuildConfiguration;
			buildSettings = {
				ALWAYS_EMBED_SWIFT_STANDARD_LIBRARIES = YES;
				BUNDLE_LOADER = "$(TEST_HOST)";
				CODE_SIGN_STYLE = Automatic;
				CURRENT_PROJECT_VERSION = 1;
				DEVELOPMENT_TEAM = XXH56N6WGN;
				GENERATE_INFOPLIST_FILE = YES;
				IPHONEOS_DEPLOYMENT_TARGET = 17.2;
				MARKETING_VERSION = 1.0;
				PRODUCT_BUNDLE_IDENTIFIER = mykhailo.tseitlin.GhostHunterGameTests;
				PRODUCT_NAME = "$(TARGET_NAME)";
				SWIFT_EMIT_LOC_STRINGS = NO;
				SWIFT_VERSION = 5.0;
				TARGETED_DEVICE_FAMILY = "1,2";
				TEST_HOST = "$(BUILT_PRODUCTS_DIR)/GhostHunterGame.app/$(BUNDLE_EXECUTABLE_FOLDER_PATH)/GhostHunterGame";
			};
			name = Release;
		};
		84B802442BD3FD130015067F /* Debug */ = {
			isa = XCBuildConfiguration;
			buildSettings = {
				ALWAYS_EMBED_SWIFT_STANDARD_LIBRARIES = YES;
				CODE_SIGN_STYLE = Automatic;
				CURRENT_PROJECT_VERSION = 1;
				DEVELOPMENT_TEAM = XXH56N6WGN;
				GENERATE_INFOPLIST_FILE = YES;
				MARKETING_VERSION = 1.0;
				PRODUCT_BUNDLE_IDENTIFIER = mykhailo.tseitlin.GhostHunterGameUITests;
				PRODUCT_NAME = "$(TARGET_NAME)";
				SWIFT_EMIT_LOC_STRINGS = NO;
				SWIFT_VERSION = 5.0;
				TARGETED_DEVICE_FAMILY = "1,2";
				TEST_TARGET_NAME = GhostHunterGame;
			};
			name = Debug;
		};
		84B802452BD3FD130015067F /* Release */ = {
			isa = XCBuildConfiguration;
			buildSettings = {
				ALWAYS_EMBED_SWIFT_STANDARD_LIBRARIES = YES;
				CODE_SIGN_STYLE = Automatic;
				CURRENT_PROJECT_VERSION = 1;
				DEVELOPMENT_TEAM = XXH56N6WGN;
				GENERATE_INFOPLIST_FILE = YES;
				MARKETING_VERSION = 1.0;
				PRODUCT_BUNDLE_IDENTIFIER = mykhailo.tseitlin.GhostHunterGameUITests;
				PRODUCT_NAME = "$(TARGET_NAME)";
				SWIFT_EMIT_LOC_STRINGS = NO;
				SWIFT_VERSION = 5.0;
				TARGETED_DEVICE_FAMILY = "1,2";
				TEST_TARGET_NAME = GhostHunterGame;
			};
			name = Release;
		};
/* End XCBuildConfiguration section */

/* Begin XCConfigurationList section */
		84B8020B2BD3FD120015067F /* Build configuration list for PBXProject "GhostHunterGame" */ = {
			isa = XCConfigurationList;
			buildConfigurations = (
				84B8023B2BD3FD130015067F /* Debug */,
				84B8023C2BD3FD130015067F /* Release */,
			);
			defaultConfigurationIsVisible = 0;
			defaultConfigurationName = Release;
		};
		84B8023D2BD3FD130015067F /* Build configuration list for PBXNativeTarget "GhostHunterGame" */ = {
			isa = XCConfigurationList;
			buildConfigurations = (
				84B8023E2BD3FD130015067F /* Debug */,
				84B8023F2BD3FD130015067F /* Release */,
			);
			defaultConfigurationIsVisible = 0;
			defaultConfigurationName = Release;
		};
		84B802402BD3FD130015067F /* Build configuration list for PBXNativeTarget "GhostHunterGameTests" */ = {
			isa = XCConfigurationList;
			buildConfigurations = (
				84B802412BD3FD130015067F /* Debug */,
				84B802422BD3FD130015067F /* Release */,
			);
			defaultConfigurationIsVisible = 0;
			defaultConfigurationName = Release;
		};
		84B802432BD3FD130015067F /* Build configuration list for PBXNativeTarget "GhostHunterGameUITests" */ = {
			isa = XCConfigurationList;
			buildConfigurations = (
				84B802442BD3FD130015067F /* Debug */,
				84B802452BD3FD130015067F /* Release */,
			);
			defaultConfigurationIsVisible = 0;
			defaultConfigurationName = Release;
		};
/* End XCConfigurationList section */
	};
	rootObject = 84B802082BD3FD120015067F /* Project object */;
}
